
Microsoft Visual Studio Solution File, Format Version 12.00
# Visual Studio Version 16
VisualStudioVersion = 16.0.30309.148
MinimumVisualStudioVersion = 10.0.40219.1
Project("{888888A0-9F3D-457C-B088-3A5042F75D52}") = "FlaskTestApi", "FlaskTestApi\FlaskTestApi.pyproj", "{8545FD96-4E80-4DB7-B2ED-B2309BC7BC2E}"
EndProject
Project("{FAE04EC0-301F-11D3-BF4B-00C04F79EFBC}") = "FlaskTestUI", "FlaskTestUI\FlaskTestUI.csproj", "{B5CA917E-60E7-43CD-AA7D-1A142308A017}"
EndProject
Global
	GlobalSection(SolutionConfigurationPlatforms) = preSolution
		Debug|Any CPU = Debug|Any CPU
		Release|Any CPU = Release|Any CPU
	EndGlobalSection
	GlobalSection(ProjectConfigurationPlatforms) = postSolution
		{8545FD96-4E80-4DB7-B2ED-B2309BC7BC2E}.Debug|Any CPU.ActiveCfg = Debug|Any CPU
		{8545FD96-4E80-4DB7-B2ED-B2309BC7BC2E}.Debug|Any CPU.Build.0 = Debug|Any CPU
		{8545FD96-4E80-4DB7-B2ED-B2309BC7BC2E}.Release|Any CPU.ActiveCfg = Release|Any CPU
		{8545FD96-4E80-4DB7-B2ED-B2309BC7BC2E}.Release|Any CPU.Build.0 = Release|Any CPU
		{B5CA917E-60E7-43CD-AA7D-1A142308A017}.Debug|Any CPU.ActiveCfg = Debug|Any CPU
		{B5CA917E-60E7-43CD-AA7D-1A142308A017}.Debug|Any CPU.Build.0 = Debug|Any CPU
		{B5CA917E-60E7-43CD-AA7D-1A142308A017}.Release|Any CPU.ActiveCfg = Release|Any CPU
		{B5CA917E-60E7-43CD-AA7D-1A142308A017}.Release|Any CPU.Build.0 = Release|Any CPU
	EndGlobalSection
	GlobalSection(SolutionProperties) = preSolution
		HideSolutionNode = FALSE
	EndGlobalSection
	GlobalSection(ExtensibilityGlobals) = postSolution
		SolutionGuid = {3EA9A0C2-6697-48E6-9EB0-A42915893E2B}
	EndGlobalSection
EndGlobal
